{
  "name": "the-fold",
  "version": "0.1.0",
  "lockfileVersion": 3,
  "requires": true,
  "packages": {
    "": {
      "name": "the-fold",
      "version": "0.1.0",
      "dependencies": {
        "@viselect/vanilla": "^3.9.0"
      }
    },
    "node_modules/@viselect/vanilla": {
      "version": "3.9.0",
      "resolved": "https://registry.npmjs.org/@viselect/vanilla/-/vanilla-3.9.0.tgz",
      "integrity": "sha512-E9eBgoi/crJ0SlZMAc+Yst7nU324LZ5LLvcXjzWEcrfllscdpTml2OLOKHC7O8Bbz19OybSLv6VexxnjlJrLxQ==",
      "license": "MIT"
    }
  }
}
